
Microsoft Visual Studio Solution File, Format Version 12.00
# Visual Studio Version 17
VisualStudioVersion = 17.0.31903.59
MinimumVisualStudioVersion = 10.0.40219.1
Project("{FAE04EC0-301F-11D3-BF4B-00C04F79EFBC}") = "API", "API\API.csproj", "{58DCDBB3-0013-4A31-A353-6BF51DAEC784}"
EndProject
Project("{FAE04EC0-301F-11D3-BF4B-00C04F79EFBC}") = "Application", "Application\Application.csproj", "{462BA168-3EBA-4F60-AE1C-A12D7E52A07A}"
EndProject
Project("{FAE04EC0-301F-11D3-BF4B-00C04F79EFBC}") = "Domain", "Domain\Domain.csproj", "{BFFFBBED-76F6-402A-A67E-A6EAA11B87A1}"
EndProject
Project("{FAE04EC0-301F-11D3-BF4B-00C04F79EFBC}") = "Persistence", "Persistence\Persistence.csproj", "{8C2AA6ED-CD33-4F39-BE3D-242C9CC3691F}"
EndProject
Global
	GlobalSection(SolutionConfigurationPlatforms) = preSolution
		Debug|Any CPU = Debug|Any CPU
		Release|Any CPU = Release|Any CPU
	EndGlobalSection
	GlobalSection(SolutionProperties) = preSolution
		HideSolutionNode = FALSE
	EndGlobalSection
	GlobalSection(ProjectConfigurationPlatforms) = postSolution
		{58DCDBB3-0013-4A31-A353-6BF51DAEC784}.Debug|Any CPU.ActiveCfg = Debug|Any CPU
		{58DCDBB3-0013-4A31-A353-6BF51DAEC784}.Debug|Any CPU.Build.0 = Debug|Any CPU
		{58DCDBB3-0013-4A31-A353-6BF51DAEC784}.Release|Any CPU.ActiveCfg = Release|Any CPU
		{58DCDBB3-0013-4A31-A353-6BF51DAEC784}.Release|Any CPU.Build.0 = Release|Any CPU
		{462BA168-3EBA-4F60-AE1C-A12D7E52A07A}.Debug|Any CPU.ActiveCfg = Debug|Any CPU
		{462BA168-3EBA-4F60-AE1C-A12D7E52A07A}.Debug|Any CPU.Build.0 = Debug|Any CPU
		{462BA168-3EBA-4F60-AE1C-A12D7E52A07A}.Release|Any CPU.ActiveCfg = Release|Any CPU
		{462BA168-3EBA-4F60-AE1C-A12D7E52A07A}.Release|Any CPU.Build.0 = Release|Any CPU
		{BFFFBBED-76F6-402A-A67E-A6EAA11B87A1}.Debug|Any CPU.ActiveCfg = Debug|Any CPU
		{BFFFBBED-76F6-402A-A67E-A6EAA11B87A1}.Debug|Any CPU.Build.0 = Debug|Any CPU
		{BFFFBBED-76F6-402A-A67E-A6EAA11B87A1}.Release|Any CPU.ActiveCfg = Release|Any CPU
		{BFFFBBED-76F6-402A-A67E-A6EAA11B87A1}.Release|Any CPU.Build.0 = Release|Any CPU
		{8C2AA6ED-CD33-4F39-BE3D-242C9CC3691F}.Debug|Any CPU.ActiveCfg = Debug|Any CPU
		{8C2AA6ED-CD33-4F39-BE3D-242C9CC3691F}.Debug|Any CPU.Build.0 = Debug|Any CPU
		{8C2AA6ED-CD33-4F39-BE3D-242C9CC3691F}.Release|Any CPU.ActiveCfg = Release|Any CPU
		{8C2AA6ED-CD33-4F39-BE3D-242C9CC3691F}.Release|Any CPU.Build.0 = Release|Any CPU
	EndGlobalSection
EndGlobal
